Microsoft Visual Studio Solution File, Format Version 12.00
# Visual Studio 2012
Project("{FAE04EC0-301F-11D3-BF4B-00C04F79EFBC}") = "Metroidvania", "Metroidvania.csproj", "{BB5AF203-66DD-4CF5-8AE5-063406FE8045}"
EndProject
Global
	GlobalSection(SolutionConfigurationPlatforms) = preSolution
	Debug|Any CPU = Debug|Any CPU
	ExportDebug|Any CPU = ExportDebug|Any CPU
	ExportRelease|Any CPU = ExportRelease|Any CPU
	EndGlobalSection
	GlobalSection(ProjectConfigurationPlatforms) = postSolution
		{BB5AF203-66DD-4CF5-8AE5-063406FE8045}.Debug|Any CPU.ActiveCfg = Debug|Any CPU
		{BB5AF203-66DD-4CF5-8AE5-063406FE8045}.Debug|Any CPU.Build.0 = Debug|Any CPU
		{BB5AF203-66DD-4CF5-8AE5-063406FE8045}.ExportDebug|Any CPU.ActiveCfg = ExportDebug|Any CPU
		{BB5AF203-66DD-4CF5-8AE5-063406FE8045}.ExportDebug|Any CPU.Build.0 = ExportDebug|Any CPU
		{BB5AF203-66DD-4CF5-8AE5-063406FE8045}.ExportRelease|Any CPU.ActiveCfg = ExportRelease|Any CPU
		{BB5AF203-66DD-4CF5-8AE5-063406FE8045}.ExportRelease|Any CPU.Build.0 = ExportRelease|Any CPU
	EndGlobalSection
EndGlobal
